// !$*UTF8*$!
{
	archiveVersion = 1;
	classes = {
	};
	objectVersion = 56;
	objects = {

/* Begin PBXBuildFile section */
		30632C1D2A4C73A0006844CC /* CopyboardsApp.swift in Sources */ = {isa = PBXBuildFile; fileRef = 30632C1C2A4C73A0006844CC /* CopyboardsApp.swift */; };
		30632C1F2A4C73A0006844CC /* Persistence.swift in Sources */ = {isa = PBXBuildFile; fileRef = 30632C1E2A4C73A0006844CC /* Persistence.swift */; };
		30632C222A4C73A0006844CC /* Copyboards.xcdatamodeld in Sources */ = {isa = PBXBuildFile; fileRef = 30632C202A4C73A0006844CC /* Copyboards.xcdatamodeld */; };
		30632C242A4C73A0006844CC /* ContentView.swift in Sources */ = {isa = PBXBuildFile; fileRef = 30632C232A4C73A0006844CC /* ContentView.swift */; };
		30632C262A4C73A1006844CC /* Assets.xcassets in Resources */ = {isa = PBXBuildFile; fileRef = 30632C252A4C73A1006844CC /* Assets.xcassets */; };
		30632C2A2A4C73A1006844CC /* Preview Assets.xcassets in Resources */ = {isa = PBXBuildFile; fileRef = 30632C292A4C73A1006844CC /* Preview Assets.xcassets */; };
		30632C342A4C73A1006844CC /* CopyboardsTests.swift in Sources */ = {isa = PBXBuildFile; fileRef = 30632C332A4C73A1006844CC /* CopyboardsTests.swift */; };
		30632C3E2A4C73A1006844CC /* CopyboardsUITests.swift in Sources */ = {isa = PBXBuildFile; fileRef = 30632C3D2A4C73A1006844CC /* CopyboardsUITests.swift */; };
		30632C402A4C73A1006844CC /* CopyboardsUITestsLaunchTests.swift in Sources */ = {isa = PBXBuildFile; fileRef = 30632C3F2A4C73A1006844CC /* CopyboardsUITestsLaunchTests.swift */; };
/* End PBXBuildFile section */

/* Begin PBXContainerItemProxy section */
		30632C302A4C73A1006844CC /* PBXContainerItemProxy */ = {
			isa = PBXContainerItemProxy;
			containerPortal = 30632C112A4C73A0006844CC /* Project object */;
			proxyType = 1;
			remoteGlobalIDString = 30632C182A4C73A0006844CC;
			remoteInfo = Copyboards;
		};
		30632C3A2A4C73A1006844CC /* PBXContainerItemProxy */ = {
			isa = PBXContainerItemProxy;
			containerPortal = 30632C112A4C73A0006844CC /* Project object */;
			proxyType = 1;
			remoteGlobalIDString = 30632C182A4C73A0006844CC;
			remoteInfo = Copyboards;
		};
/* End PBXContainerItemProxy section */

/* Begin PBXFileReference section */
		30632C192A4C73A0006844CC /* Copyboards.app */ = {isa = PBXFileReference; explicitFileType = wrapper.application; includeInIndex = 0; path = Copyboards.app; sourceTree = BUILT_PRODUCTS_DIR; };
		30632C1C2A4C73A0006844CC /* CopyboardsApp.swift */ = {isa = PBXFileReference; lastKnownFileType = sourcecode.swift; path = CopyboardsApp.swift; sourceTree = "<group>"; };
		30632C1E2A4C73A0006844CC /* Persistence.swift */ = {isa = PBXFileReference; lastKnownFileType = sourcecode.swift; path = Persistence.swift; sourceTree = "<group>"; };
		30632C212A4C73A0006844CC /* Copyboards.xcdatamodel */ = {isa = PBXFileReference; lastKnownFileType = wrapper.xcdatamodel; path = Copyboards.xcdatamodel; sourceTree = "<group>"; };
		30632C232A4C73A0006844CC /* ContentView.swift */ = {isa = PBXFileReference; lastKnownFileType = sourcecode.swift; path = ContentView.swift; sourceTree = "<group>"; };
		30632C252A4C73A1006844CC /* Assets.xcassets */ = {isa = PBXFileReference; lastKnownFileType = folder.assetcatalog; path = Assets.xcassets; sourceTree = "<group>"; };
		30632C272A4C73A1006844CC /* Copyboards.entitlements */ = {isa = PBXFileReference; lastKnownFileType = text.plist.entitlements; path = Copyboards.entitlements; sourceTree = "<group>"; };
		30632C292A4C73A1006844CC /* Preview Assets.xcassets */ = {isa = PBXFileReference; lastKnownFileType = folder.assetcatalog; path = "Preview Assets.xcassets"; sourceTree = "<group>"; };
		30632C2F2A4C73A1006844CC /* CopyboardsTests.xctest */ = {isa = PBXFileReference; explicitFileType = wrapper.cfbundle; includeInIndex = 0; path = CopyboardsTests.xctest; sourceTree = BUILT_PRODUCTS_DIR; };
		30632C332A4C73A1006844CC /* CopyboardsTests.swift */ = {isa = PBXFileReference; lastKnownFileType = sourcecode.swift; path = CopyboardsTests.swift; sourceTree = "<group>"; };
		30632C392A4C73A1006844CC /* CopyboardsUITests.xctest */ = {isa = PBXFileReference; explicitFileType = wrapper.cfbundle; includeInIndex = 0; path = CopyboardsUITests.xctest; sourceTree = BUILT_PRODUCTS_DIR; };
		30632C3D2A4C73A1006844CC /* CopyboardsUITests.swift */ = {isa = PBXFileReference; lastKnownFileType = sourcecode.swift; path = CopyboardsUITests.swift; sourceTree = "<group>"; };
		30632C3F2A4C73A1006844CC /* CopyboardsUITestsLaunchTests.swift */ = {isa = PBXFileReference; lastKnownFileType = sourcecode.swift; path = CopyboardsUITestsLaunchTests.swift; sourceTree = "<group>"; };
/* End PBXFileReference section */

/* Begin PBXFrameworksBuildPhase section */
		30632C162A4C73A0006844CC /* Frameworks */ = {
			isa = PBXFrameworksBuildPhase;
			buildActionMask = 2147483647;
			files = (
			);
			runOnlyForDeploymentPostprocessing = 0;
		};
		30632C2C2A4C73A1006844CC /* Frameworks */ = {
			isa = PBXFrameworksBuildPhase;
			buildActionMask = 2147483647;
			files = (
			);
			runOnlyForDeploymentPostprocessing = 0;
		};
		30632C362A4C73A1006844CC /* Frameworks */ = {
			isa = PBXFrameworksBuildPhase;
			buildActionMask = 2147483647;
			files = (
			);
			runOnlyForDeploymentPostprocessing = 0;
		};
/* End PBXFrameworksBuildPhase section */

/* Begin PBXGroup section */
		30632C102A4C73A0006844CC = {
			isa = PBXGroup;
			children = (
				30632C1B2A4C73A0006844CC /* Copyboards */,
				30632C322A4C73A1006844CC /* CopyboardsTests */,
				30632C3C2A4C73A1006844CC /* CopyboardsUITests */,
				30632C1A2A4C73A0006844CC /* Products */,
			);
			sourceTree = "<group>";
		};
		30632C1A2A4C73A0006844CC /* Products */ = {
			isa = PBXGroup;
			children = (
				30632C192A4C73A0006844CC /* Copyboards.app */,
				30632C2F2A4C73A1006844CC /* CopyboardsTests.xctest */,
				30632C392A4C73A1006844CC /* CopyboardsUITests.xctest */,
			);
			name = Products;
			sourceTree = "<group>";
		};
		30632C1B2A4C73A0006844CC /* Copyboards */ = {
			isa = PBXGroup;
			children = (
				30632C1C2A4C73A0006844CC /* CopyboardsApp.swift */,
				30632C1E2A4C73A0006844CC /* Persistence.swift */,
				30632C232A4C73A0006844CC /* ContentView.swift */,
				30632C252A4C73A1006844CC /* Assets.xcassets */,
				30632C272A4C73A1006844CC /* Copyboards.entitlements */,
				30632C202A4C73A0006844CC /* Copyboards.xcdatamodeld */,
				30632C282A4C73A1006844CC /* Preview Content */,
			);
			path = Copyboards;
			sourceTree = "<group>";
		};
		30632C282A4C73A1006844CC /* Preview Content */ = {
			isa = PBXGroup;
			children = (
				30632C292A4C73A1006844CC /* Preview Assets.xcassets */,
			);
			path = "Preview Content";
			sourceTree = "<group>";
		};
		30632C322A4C73A1006844CC /* CopyboardsTests */ = {
			isa = PBXGroup;
			children = (
				30632C332A4C73A1006844CC /* CopyboardsTests.swift */,
			);
			path = CopyboardsTests;
			sourceTree = "<group>";
		};
		30632C3C2A4C73A1006844CC /* CopyboardsUITests */ = {
			isa = PBXGroup;
			children = (
				30632C3D2A4C73A1006844CC /* CopyboardsUITests.swift */,
				30632C3F2A4C73A1006844CC /* CopyboardsUITestsLaunchTests.swift */,
			);
			path = CopyboardsUITests;
			sourceTree = "<group>";
		};
/* End PBXGroup section */

/* Begin PBXNativeTarget section */
		30632C182A4C73A0006844CC /* Copyboards */ = {
			isa = PBXNativeTarget;
			buildConfigurationList = 30632C432A4C73A1006844CC /* Build configuration list for PBXNativeTarget "Copyboards" */;
			buildPhases = (
				30632C152A4C73A0006844CC /* Sources */,
				30632C162A4C73A0006844CC /* Frameworks */,
				30632C172A4C73A0006844CC /* Resources */,
			);
			buildRules = (
			);
			dependencies = (
			);
			name = Copyboards;
			productName = Copyboards;
			productReference = 30632C192A4C73A0006844CC /* Copyboards.app */;
			productType = "com.apple.product-type.application";
		};
		30632C2E2A4C73A1006844CC /* CopyboardsTests */ = {
			isa = PBXNativeTarget;
			buildConfigurationList = 30632C462A4C73A1006844CC /* Build configuration list for PBXNativeTarget "CopyboardsTests" */;
			buildPhases = (
				30632C2B2A4C73A1006844CC /* Sources */,
				30632C2C2A4C73A1006844CC /* Frameworks */,
				30632C2D2A4C73A1006844CC /* Resources */,
			);
			buildRules = (
			);
			dependencies = (
				30632C312A4C73A1006844CC /* PBXTargetDependency */,
			);
			name = CopyboardsTests;
			productName = CopyboardsTests;
			productReference = 30632C2F2A4C73A1006844CC /* CopyboardsTests.xctest */;
			productType = "com.apple.product-type.bundle.unit-test";
		};
		30632C382A4C73A1006844CC /* CopyboardsUITests */ = {
			isa = PBXNativeTarget;
			buildConfigurationList = 30632C492A4C73A1006844CC /* Build configuration list for PBXNativeTarget "CopyboardsUITests" */;
			buildPhases = (
				30632C352A4C73A1006844CC /* Sources */,
				30632C362A4C73A1006844CC /* Frameworks */,
				30632C372A4C73A1006844CC /* Resources */,
			);
			buildRules = (
			);
			dependencies = (
				30632C3B2A4C73A1006844CC /* PBXTargetDependency */,
			);
			name = CopyboardsUITests;
			productName = CopyboardsUITests;
			productReference = 30632C392A4C73A1006844CC /* CopyboardsUITests.xctest */;
			productType = "com.apple.product-type.bundle.ui-testing";
		};
/* End PBXNativeTarget section */

/* Begin PBXProject section */
		30632C112A4C73A0006844CC /* Project object */ = {
			isa = PBXProject;
			attributes = {
				BuildIndependentTargetsInParallel = 1;
				LastSwiftUpdateCheck = 1430;
				LastUpgradeCheck = 1430;
				TargetAttributes = {
					30632C182A4C73A0006844CC = {
						CreatedOnToolsVersion = 14.3.1;
					};
					30632C2E2A4C73A1006844CC = {
						CreatedOnToolsVersion = 14.3.1;
						TestTargetID = 30632C182A4C73A0006844CC;
					};
					30632C382A4C73A1006844CC = {
						CreatedOnToolsVersion = 14.3.1;
						TestTargetID = 30632C182A4C73A0006844CC;
					};
				};
			};
			buildConfigurationList = 30632C142A4C73A0006844CC /* Build configuration list for PBXProject "Copyboards" */;
			compatibilityVersion = "Xcode 14.0";
			developmentRegion = en;
			hasScannedForEncodings = 0;
			knownRegions = (
				en,
				Base,
			);
			mainGroup = 30632C102A4C73A0006844CC;
			productRefGroup = 30632C1A2A4C73A0006844CC /* Products */;
			projectDirPath = "";
			projectRoot = "";
			targets = (
				30632C182A4C73A0006844CC /* Copyboards */,
				30632C2E2A4C73A1006844CC /* CopyboardsTests */,
				30632C382A4C73A1006844CC /* CopyboardsUITests */,
			);
		};
/* End PBXProject section */

/* Begin PBXResourcesBuildPhase section */
		30632C172A4C73A0006844CC /* Resources */ = {
			isa = PBXResourcesBuildPhase;
			buildActionMask = 2147483647;
			files = (
				30632C2A2A4C73A1006844CC /* Preview Assets.xcassets in Resources */,
				30632C262A4C73A1006844CC /* Assets.xcassets in Resources */,
			);
			runOnlyForDeploymentPostprocessing = 0;
		};
		30632C2D2A4C73A1006844CC /* Resources */ = {
			isa = PBXResourcesBuildPhase;
			buildActionMask = 2147483647;
			files = (
			);
			runOnlyForDeploymentPostprocessing = 0;
		};
		30632C372A4C73A1006844CC /* Resources */ = {
			isa = PBXResourcesBuildPhase;
			buildActionMask = 2147483647;
			files = (
			);
			runOnlyForDeploymentPostprocessing = 0;
		};
/* End PBXResourcesBuildPhase section */

/* Begin PBXSourcesBuildPhase section */
		30632C152A4C73A0006844CC /* Sources */ = {
			isa = PBXSourcesBuildPhase;
			buildActionMask = 2147483647;
			files = (
				30632C1D2A4C73A0006844CC /* CopyboardsApp.swift in Sources */,
				30632C222A4C73A0006844CC /* Copyboards.xcdatamodeld in Sources */,
				30632C242A4C73A0006844CC /* ContentView.swift in Sources */,
				30632C1F2A4C73A0006844CC /* Persistence.swift in Sources */,
			);
			runOnlyForDeploymentPostprocessing = 0;
		};
		30632C2B2A4C73A1006844CC /* Sources */ = {
			isa = PBXSourcesBuildPhase;
			buildActionMask = 2147483647;
			files = (
				30632C342A4C73A1006844CC /* CopyboardsTests.swift in Sources */,
			);
			runOnlyForDeploymentPostprocessing = 0;
		};
		30632C352A4C73A1006844CC /* Sources */ = {
			isa = PBXSourcesBuildPhase;
			buildActionMask = 2147483647;
			files = (
				30632C402A4C73A1006844CC /* CopyboardsUITestsLaunchTests.swift in Sources */,
				30632C3E2A4C73A1006844CC /* CopyboardsUITests.swift in Sources */,
			);
			runOnlyForDeploymentPostprocessing = 0;
		};
/* End PBXSourcesBuildPhase section */

/* Begin PBXTargetDependency section */
		30632C312A4C73A1006844CC /* PBXTargetDependency */ = {
			isa = PBXTargetDependency;
			target = 30632C182A4C73A0006844CC /* Copyboards */;
			targetProxy = 30632C302A4C73A1006844CC /* PBXContainerItemProxy */;
		};
		30632C3B2A4C73A1006844CC /* PBXTargetDependency */ = {
			isa = PBXTargetDependency;
			target = 30632C182A4C73A0006844CC /* Copyboards */;
			targetProxy = 30632C3A2A4C73A1006844CC /* PBXContainerItemProxy */;
		};
/* End PBXTargetDependency section */

/* Begin XCBuildConfiguration section */
		30632C412A4C73A1006844CC /* Debug */ = {
			isa = XCBuildConfiguration;
			buildSettings = {
				ALWAYS_SEARCH_USER_PATHS = NO;
				CLANG_ANALYZER_NONNULL = YES;
				CLANG_ANALYZER_NUMBER_OBJECT_CONVERSION = YES_AGGRESSIVE;
				CLANG_CXX_LANGUAGE_STANDARD = "gnu++20";
				CLANG_ENABLE_MODULES = YES;
				CLANG_ENABLE_OBJC_ARC = YES;
				CLANG_ENABLE_OBJC_WEAK = YES;
				CLANG_WARN_BLOCK_CAPTURE_AUTORELEASING = YES;
				CLANG_WARN_BOOL_CONVERSION = YES;
				CLANG_WARN_COMMA = YES;
				CLANG_WARN_CONSTANT_CONVERSION = YES;
				CLANG_WARN_DEPRECATED_OBJC_IMPLEMENTATIONS = YES;
				CLANG_WARN_DIRECT_OBJC_ISA_USAGE = YES_ERROR;
				CLANG_WARN_DOCUMENTATION_COMMENTS = YES;
				CLANG_WARN_EMPTY_BODY = YES;
				CLANG_WARN_ENUM_CONVERSION = YES;
				CLANG_WARN_INFINITE_RECURSION = YES;
				CLANG_WARN_INT_CONVERSION = YES;
				CLANG_WARN_NON_LITERAL_NULL_CONVERSION = YES;
				CLANG_WARN_OBJC_IMPLICIT_RETAIN_SELF = YES;
				CLANG_WARN_OBJC_LITERAL_CONVERSION = YES;
				CLANG_WARN_OBJC_ROOT_CLASS = YES_ERROR;
				CLANG_WARN_QUOTED_INCLUDE_IN_FRAMEWORK_HEADER = YES;
				CLANG_WARN_RANGE_LOOP_ANALYSIS = YES;
				CLANG_WARN_STRICT_PROTOTYPES = YES;
				CLANG_WARN_SUSPICIOUS_MOVE = YES;
				CLANG_WARN_UNGUARDED_AVAILABILITY = YES_AGGRESSIVE;
				CLANG_WARN_UNREACHABLE_CODE = YES;
				CLANG_WARN__DUPLICATE_METHOD_MATCH = YES;
				COPY_PHASE_STRIP = NO;
				DEBUG_INFORMATION_FORMAT = dwarf;
				ENABLE_STRICT_OBJC_MSGSEND = YES;
				ENABLE_TESTABILITY = YES;
				GCC_C_LANGUAGE_STANDARD = gnu11;
				GCC_DYNAMIC_NO_PIC = NO;
				GCC_NO_COMMON_BLOCKS = YES;
				GCC_OPTIMIZATION_LEVEL = 0;
				GCC_PREPROCESSOR_DEFINITIONS = (
					"DEBUG=1",
					"$(inherited)",
				);
				GCC_WARN_64_TO_32_BIT_CONVERSION = YES;
				GCC_WARN_ABOUT_RETURN_TYPE = YES_ERROR;
				GCC_WARN_UNDECLARED_SELECTOR = YES;
				GCC_WARN_UNINITIALIZED_AUTOS = YES_AGGRESSIVE;
				GCC_WARN_UNUSED_FUNCTION = YES;
				GCC_WARN_UNUSED_VARIABLE = YES;
				MTL_ENABLE_DEBUG_INFO = INCLUDE_SOURCE;
				MTL_FAST_MATH = YES;
				ONLY_ACTIVE_ARCH = YES;
				SWIFT_ACTIVE_COMPILATION_CONDITIONS = DEBUG;
				SWIFT_OPTIMIZATION_LEVEL = "-Onone";
			};
			name = Debug;
		};
		30632C422A4C73A1006844CC /* Release */ = {
			isa = XCBuildConfiguration;
			buildSettings = {
				ALWAYS_SEARCH_USER_PATHS = NO;
				CLANG_ANALYZER_NONNULL = YES;
				CLANG_ANALYZER_NUMBER_OBJECT_CONVERSION = YES_AGGRESSIVE;
				CLANG_CXX_LANGUAGE_STANDARD = "gnu++20";
				CLANG_ENABLE_MODULES = YES;
				CLANG_ENABLE_OBJC_ARC = YES;
				CLANG_ENABLE_OBJC_WEAK = YES;
				CLANG_WARN_BLOCK_CAPTURE_AUTORELEASING = YES;
				CLANG_WARN_BOOL_CONVERSION = YES;
				CLANG_WARN_COMMA = YES;
				CLANG_WARN_CONSTANT_CONVERSION = YES;
				CLANG_WARN_DEPRECATED_OBJC_IMPLEMENTATIONS = YES;
				CLANG_WARN_DIRECT_OBJC_ISA_USAGE = YES_ERROR;
				CLANG_WARN_DOCUMENTATION_COMMENTS = YES;
				CLANG_WARN_EMPTY_BODY = YES;
				CLANG_WARN_ENUM_CONVERSION = YES;
				CLANG_WARN_INFINITE_RECURSION = YES;
				CLANG_WARN_INT_CONVERSION = YES;
				CLANG_WARN_NON_LITERAL_NULL_CONVERSION = YES;
				CLANG_WARN_OBJC_IMPLICIT_RETAIN_SELF = YES;
				CLANG_WARN_OBJC_LITERAL_CONVERSION = YES;
				CLANG_WARN_OBJC_ROOT_CLASS = YES_ERROR;
				CLANG_WARN_QUOTED_INCLUDE_IN_FRAMEWORK_HEADER = YES;
				CLANG_WARN_RANGE_LOOP_ANALYSIS = YES;
				CLANG_WARN_STRICT_PROTOTYPES = YES;
				CLANG_WARN_SUSPICIOUS_MOVE = YES;
				CLANG_WARN_UNGUARDED_AVAILABILITY = YES_AGGRESSIVE;
				CLANG_WARN_UNREACHABLE_CODE = YES;
				CLANG_WARN__DUPLICATE_METHOD_MATCH = YES;
				COPY_PHASE_STRIP = NO;
				DEBUG_INFORMATION_FORMAT = "dwarf-with-dsym";
				ENABLE_NS_ASSERTIONS = NO;
				ENABLE_STRICT_OBJC_MSGSEND = YES;
				GCC_C_LANGUAGE_STANDARD = gnu11;
				GCC_NO_COMMON_BLOCKS = YES;
				GCC_WARN_64_TO_32_BIT_CONVERSION = YES;
				GCC_WARN_ABOUT_RETURN_TYPE = YES_ERROR;
				GCC_WARN_UNDECLARED_SELECTOR = YES;
				GCC_WARN_UNINITIALIZED_AUTOS = YES_AGGRESSIVE;
				GCC_WARN_UNUSED_FUNCTION = YES;
				GCC_WARN_UNUSED_VARIABLE = YES;
				MTL_ENABLE_DEBUG_INFO = NO;
				MTL_FAST_MATH = YES;
				SWIFT_COMPILATION_MODE = wholemodule;
				SWIFT_OPTIMIZATION_LEVEL = "-O";
			};
			name = Release;
		};
		30632C442A4C73A1006844CC /* Debug */ = {
			isa = XCBuildConfiguration;
			buildSettings = {
				ASSETCATALOG_COMPILER_APPICON_NAME = AppIcon;
				ASSETCATALOG_COMPILER_GLOBAL_ACCENT_COLOR_NAME = AccentColor;
				CODE_SIGN_ENTITLEMENTS = Copyboards/Copyboards.entitlements;
				CODE_SIGN_STYLE = Automatic;
				CURRENT_PROJECT_VERSION = 1;
				DEVELOPMENT_ASSET_PATHS = "\"Copyboards/Preview Content\"";
				DEVELOPMENT_TEAM = Z4BB8U285K;
				ENABLE_HARDENED_RUNTIME = YES;
				ENABLE_PREVIEWS = YES;
				GENERATE_INFOPLIST_FILE = YES;
				"INFOPLIST_KEY_UIApplicationSceneManifest_Generation[sdk=iphoneos*]" = YES;
				"INFOPLIST_KEY_UIApplicationSceneManifest_Generation[sdk=iphonesimulator*]" = YES;
				"INFOPLIST_KEY_UIApplicationSupportsIndirectInputEvents[sdk=iphoneos*]" = YES;
				"INFOPLIST_KEY_UIApplicationSupportsIndirectInputEvents[sdk=iphonesimulator*]" = YES;
				"INFOPLIST_KEY_UILaunchScreen_Generation[sdk=iphoneos*]" = YES;
				"INFOPLIST_KEY_UILaunchScreen_Generation[sdk=iphonesimulator*]" = YES;
				"INFOPLIST_KEY_UIStatusBarStyle[sdk=iphoneos*]" = UIStatusBarStyleDefault;
				"INFOPLIST_KEY_UIStatusBarStyle[sdk=iphonesimulator*]" = UIStatusBarStyleDefault;
				INFOPLIST_KEY_UISupportedInterfaceOrientations_iPad = "UIInterfaceOrientationPortrait UIInterfaceOrientationPortraitUpsideDown UIInterfaceOrientationLandscapeLeft UIInterfaceOrientationLandscapeRight";
				INFOPLIST_KEY_UISupportedInterfaceOrientations_iPhone = "UIInterfaceOrientationPortrait UIInterfaceOrientationLandscapeLeft UIInterfaceOrientationLandscapeRight";
				IPHONEOS_DEPLOYMENT_TARGET = 16.4;
				LD_RUNPATH_SEARCH_PATHS = "@executable_path/Frameworks";
				"LD_RUNPATH_SEARCH_PATHS[sdk=macosx*]" = "@executable_path/../Frameworks";
				MACOSX_DEPLOYMENT_TARGET = 13.2;
				MARKETING_VERSION = 1.0;
				PRODUCT_BUNDLE_IDENTIFIER = logeast.cc.Copyboards;
				PRODUCT_NAME = "$(TARGET_NAME)";
				SDKROOT = auto;
				SUPPORTED_PLATFORMS = "iphoneos iphonesimulator macosx";
				SWIFT_EMIT_LOC_STRINGS = YES;
				SWIFT_VERSION = 5.0;
				TARGETED_DEVICE_FAMILY = "1,2";
			};
			name = Debug;
		};
		30632C452A4C73A1006844CC /* Release */ = {
			isa = XCBuildConfiguration;
			buildSettings = {
				ASSETCATALOG_COMPILER_APPICON_NAME = AppIcon;
				ASSETCATALOG_COMPILER_GLOBAL_ACCENT_COLOR_NAME = AccentColor;
				CODE_SIGN_ENTITLEMENTS = Copyboards/Copyboards.entitlements;
				CODE_SIGN_STYLE = Automatic;
				CURRENT_PROJECT_VERSION = 1;
				DEVELOPMENT_ASSET_PATHS = "\"Copyboards/Preview Content\"";
				DEVELOPMENT_TEAM = Z4BB8U285K;
				ENABLE_HARDENED_RUNTIME = YES;
				ENABLE_PREVIEWS = YES;
				GENERATE_INFOPLIST_FILE = YES;
				"INFOPLIST_KEY_UIApplicationSceneManifest_Generation[sdk=iphoneos*]" = YES;
				"INFOPLIST_KEY_UIApplicationSceneManifest_Generation[sdk=iphonesimulator*]" = YES;
				"INFOPLIST_KEY_UIApplicationSupportsIndirectInputEvents[sdk=iphoneos*]" = YES;
				"INFOPLIST_KEY_UIApplicationSupportsIndirectInputEvents[sdk=iphonesimulator*]" = YES;
				"INFOPLIST_KEY_UILaunchScreen_Generation[sdk=iphoneos*]" = YES;
				"INFOPLIST_KEY_UILaunchScreen_Generation[sdk=iphonesimulator*]" = YES;
				"INFOPLIST_KEY_UIStatusBarStyle[sdk=iphoneos*]" = UIStatusBarStyleDefault;
				"INFOPLIST_KEY_UIStatusBarStyle[sdk=iphonesimulator*]" = UIStatusBarStyleDefault;
				INFOPLIST_KEY_UISupportedInterfaceOrientations_iPad = "UIInterfaceOrientationPortrait UIInterfaceOrientationPortraitUpsideDown UIInterfaceOrientationLandscapeLeft UIInterfaceOrientationLandscapeRight";
				INFOPLIST_KEY_UISupportedInterfaceOrientations_iPhone = "UIInterfaceOrientationPortrait UIInterfaceOrientationLandscapeLeft UIInterfaceOrientationLandscapeRight";
				IPHONEOS_DEPLOYMENT_TARGET = 16.4;
				LD_RUNPATH_SEARCH_PATHS = "@executable_path/Frameworks";
				"LD_RUNPATH_SEARCH_PATHS[sdk=macosx*]" = "@executable_path/../Frameworks";
				MACOSX_DEPLOYMENT_TARGET = 13.2;
				MARKETING_VERSION = 1.0;
				PRODUCT_BUNDLE_IDENTIFIER = logeast.cc.Copyboards;
				PRODUCT_NAME = "$(TARGET_NAME)";
				SDKROOT = auto;
				SUPPORTED_PLATFORMS = "iphoneos iphonesimulator macosx";
				SWIFT_EMIT_LOC_STRINGS = YES;
				SWIFT_VERSION = 5.0;
				TARGETED_DEVICE_FAMILY = "1,2";
			};
			name = Release;
		};
		30632C472A4C73A1006844CC /* Debug */ = {
			isa = XCBuildConfiguration;
			buildSettings = {
				ALWAYS_EMBED_SWIFT_STANDARD_LIBRARIES = YES;
				BUNDLE_LOADER = "$(TEST_HOST)";
				CODE_SIGN_STYLE = Automatic;
				CURRENT_PROJECT_VERSION = 1;
				DEVELOPMENT_TEAM = Z4BB8U285K;
				GENERATE_INFOPLIST_FILE = YES;
				IPHONEOS_DEPLOYMENT_TARGET = 16.4;
				MACOSX_DEPLOYMENT_TARGET = 13.2;
				MARKETING_VERSION = 1.0;
				PRODUCT_BUNDLE_IDENTIFIER = logeast.cc.CopyboardsTests;
				PRODUCT_NAME = "$(TARGET_NAME)";
				SDKROOT = auto;
				SUPPORTED_PLATFORMS = "iphoneos iphonesimulator macosx";
				SWIFT_EMIT_LOC_STRINGS = NO;
				SWIFT_VERSION = 5.0;
				TARGETED_DEVICE_FAMILY = "1,2";
				TEST_HOST = "$(BUILT_PRODUCTS_DIR)/Copyboards.app/$(BUNDLE_EXECUTABLE_FOLDER_PATH)/Copyboards";
			};
			name = Debug;
		};
		30632C482A4C73A1006844CC /* Release */ = {
			isa = XCBuildConfiguration;
			buildSettings = {
				ALWAYS_EMBED_SWIFT_STANDARD_LIBRARIES = YES;
				BUNDLE_LOADER = "$(TEST_HOST)";
				CODE_SIGN_STYLE = Automatic;
				CURRENT_PROJECT_VERSION = 1;
				DEVELOPMENT_TEAM = Z4BB8U285K;
				GENERATE_INFOPLIST_FILE = YES;
				IPHONEOS_DEPLOYMENT_TARGET = 16.4;
				MACOSX_DEPLOYMENT_TARGET = 13.2;
				MARKETING_VERSION = 1.0;
				PRODUCT_BUNDLE_IDENTIFIER = logeast.cc.CopyboardsTests;
				PRODUCT_NAME = "$(TARGET_NAME)";
				SDKROOT = auto;
				SUPPORTED_PLATFORMS = "iphoneos iphonesimulator macosx";
				SWIFT_EMIT_LOC_STRINGS = NO;
				SWIFT_VERSION = 5.0;
				TARGETED_DEVICE_FAMILY = "1,2";
				TEST_HOST = "$(BUILT_PRODUCTS_DIR)/Copyboards.app/$(BUNDLE_EXECUTABLE_FOLDER_PATH)/Copyboards";
			};
			name = Release;
		};
		30632C4A2A4C73A1006844CC /* Debug */ = {
			isa = XCBuildConfiguration;
			buildSettings = {
				ALWAYS_EMBED_SWIFT_STANDARD_LIBRARIES = YES;
				CODE_SIGN_STYLE = Automatic;
				CURRENT_PROJECT_VERSION = 1;
				DEVELOPMENT_TEAM = Z4BB8U285K;
				GENERATE_INFOPLIST_FILE = YES;
				IPHONEOS_DEPLOYMENT_TARGET = 16.4;
				MACOSX_DEPLOYMENT_TARGET = 13.2;
				MARKETING_VERSION = 1.0;
				PRODUCT_BUNDLE_IDENTIFIER = logeast.cc.CopyboardsUITests;
				PRODUCT_NAME = "$(TARGET_NAME)";
				SDKROOT = auto;
				SUPPORTED_PLATFORMS = "iphoneos iphonesimulator macosx";
				SWIFT_EMIT_LOC_STRINGS = NO;
				SWIFT_VERSION = 5.0;
				TARGETED_DEVICE_FAMILY = "1,2";
				TEST_TARGET_NAME = Copyboards;
			};
			name = Debug;
		};
		30632C4B2A4C73A1006844CC /* Release */ = {
			isa = XCBuildConfiguration;
			buildSettings = {
				ALWAYS_EMBED_SWIFT_STANDARD_LIBRARIES = YES;
				CODE_SIGN_STYLE = Automatic;
				CURRENT_PROJECT_VERSION = 1;
				DEVELOPMENT_TEAM = Z4BB8U285K;
				GENERATE_INFOPLIST_FILE = YES;
				IPHONEOS_DEPLOYMENT_TARGET = 16.4;
				MACOSX_DEPLOYMENT_TARGET = 13.2;
				MARKETING_VERSION = 1.0;
				PRODUCT_BUNDLE_IDENTIFIER = logeast.cc.CopyboardsUITests;
				PRODUCT_NAME = "$(TARGET_NAME)";
				SDKROOT = auto;
				SUPPORTED_PLATFORMS = "iphoneos iphonesimulator macosx";
				SWIFT_EMIT_LOC_STRINGS = NO;
				SWIFT_VERSION = 5.0;
				TARGETED_DEVICE_FAMILY = "1,2";
				TEST_TARGET_NAME = Copyboards;
			};
			name = Release;
		};
/* End XCBuildConfiguration section */

/* Begin XCConfigurationList section */
		30632C142A4C73A0006844CC /* Build configuration list for PBXProject "Copyboards" */ = {
			isa = XCConfigurationList;
			buildConfigurations = (
				30632C412A4C73A1006844CC /* Debug */,
				30632C422A4C73A1006844CC /* Release */,
			);
			defaultConfigurationIsVisible = 0;
			defaultConfigurationName = Release;
		};
		30632C432A4C73A1006844CC /* Build configuration list for PBXNativeTarget "Copyboards" */ = {
			isa = XCConfigurationList;
			buildConfigurations = (
				30632C442A4C73A1006844CC /* Debug */,
				30632C452A4C73A1006844CC /* Release */,
			);
			defaultConfigurationIsVisible = 0;
			defaultConfigurationName = Release;
		};
		30632C462A4C73A1006844CC /* Build configuration list for PBXNativeTarget "CopyboardsTests" */ = {
			isa = XCConfigurationList;
			buildConfigurations = (
				30632C472A4C73A1006844CC /* Debug */,
				30632C482A4C73A1006844CC /* Release */,
			);
			defaultConfigurationIsVisible = 0;
			defaultConfigurationName = Release;
		};
		30632C492A4C73A1006844CC /* Build configuration list for PBXNativeTarget "CopyboardsUITests" */ = {
			isa = XCConfigurationList;
			buildConfigurations = (
				30632C4A2A4C73A1006844CC /* Debug */,
				30632C4B2A4C73A1006844CC /* Release */,
			);
			defaultConfigurationIsVisible = 0;
			defaultConfigurationName = Release;
		};
/* End XCConfigurationList section */

/* Begin XCVersionGroup section */
		30632C202A4C73A0006844CC /* Copyboards.xcdatamodeld */ = {
			isa = XCVersionGroup;
			children = (
				30632C212A4C73A0006844CC /* Copyboards.xcdatamodel */,
			);
			currentVersion = 30632C212A4C73A0006844CC /* Copyboards.xcdatamodel */;
			path = Copyboards.xcdatamodeld;
			sourceTree = "<group>";
			versionGroupType = wrapper.xcdatamodel;
		};
/* End XCVersionGroup section */
	};
	rootObject = 30632C112A4C73A0006844CC /* Project object */;
}
